// !$*UTF8*$!
{
	archiveVersion = 1;
	classes = {
	};
	objectVersion = 46;
	objects = {

/* Begin PBXBuildFile section */
		DF56925A1CB8D4D2000548F1 /* AppDelegate.swift in Sources */ = {isa = PBXBuildFile; fileRef = DF5692591CB8D4D2000548F1 /* AppDelegate.swift */; };
		DF56925C1CB8D4D2000548F1 /* ViewController.swift in Sources */ = {isa = PBXBuildFile; fileRef = DF56925B1CB8D4D2000548F1 /* ViewController.swift */; };
		DF56925F1CB8D4D2000548F1 /* Main.storyboard in Resources */ = {isa = PBXBuildFile; fileRef = DF56925D1CB8D4D2000548F1 /* Main.storyboard */; };
		DF5692611CB8D4D2000548F1 /* Assets.xcassets in Resources */ = {isa = PBXBuildFile; fileRef = DF5692601CB8D4D2000548F1 /* Assets.xcassets */; };
		DF5692641CB8D4D2000548F1 /* LaunchScreen.storyboard in Resources */ = {isa = PBXBuildFile; fileRef = DF5692621CB8D4D2000548F1 /* LaunchScreen.storyboard */; };
		DF56926C1CB8D569000548F1 /* WBToastView.swift in Sources */ = {isa = PBXBuildFile; fileRef = DF56926B1CB8D569000548F1 /* WBToastView.swift */; };
		DF56927C1CB8E5A8000548F1 /* NSString+WBExtension.m in Sources */ = {isa = PBXBuildFile; fileRef = DF56927B1CB8E5A8000548F1 /* NSString+WBExtension.m */; };
/* End PBXBuildFile section */

/* Begin PBXFileReference section */
		DF5692561CB8D4D1000548F1 /* WBToastView.app */ = {isa = PBXFileReference; explicitFileType = wrapper.application; includeInIndex = 0; path = WBToastView.app; sourceTree = BUILT_PRODUCTS_DIR; };
		DF5692591CB8D4D2000548F1 /* AppDelegate.swift */ = {isa = PBXFileReference; lastKnownFileType = sourcecode.swift; path = AppDelegate.swift; sourceTree = "<group>"; };
		DF56925B1CB8D4D2000548F1 /* ViewController.swift */ = {isa = PBXFileReference; lastKnownFileType = sourcecode.swift; path = ViewController.swift; sourceTree = "<group>"; };
		DF56925E1CB8D4D2000548F1 /* Base */ = {isa = PBXFileReference; lastKnownFileType = file.storyboard; name = Base; path = Base.lproj/Main.storyboard; sourceTree = "<group>"; };
		DF5692601CB8D4D2000548F1 /* Assets.xcassets */ = {isa = PBXFileReference; lastKnownFileType = folder.assetcatalog; path = Assets.xcassets; sourceTree = "<group>"; };
		DF5692631CB8D4D2000548F1 /* Base */ = {isa = PBXFileReference; lastKnownFileType = file.storyboard; name = Base; path = Base.lproj/LaunchScreen.storyboard; sourceTree = "<group>"; };
		DF5692651CB8D4D2000548F1 /* Info.plist */ = {isa = PBXFileReference; lastKnownFileType = text.plist.xml; path = Info.plist; sourceTree = "<group>"; };
		DF56926B1CB8D569000548F1 /* WBToastView.swift */ = {isa = PBXFileReference; fileEncoding = 4; lastKnownFileType = sourcecode.swift; path = WBToastView.swift; sourceTree = "<group>"; };
		DF56927A1CB8E5A8000548F1 /* NSString+WBExtension.h */ = {isa = PBXFileReference; fileEncoding = 4; lastKnownFileType = sourcecode.c.h; path = "NSString+WBExtension.h"; sourceTree = "<group>"; };
		DF56927B1CB8E5A8000548F1 /* NSString+WBExtension.m */ = {isa = PBXFileReference; fileEncoding = 4; lastKnownFileType = sourcecode.c.objc; path = "NSString+WBExtension.m"; sourceTree = "<group>"; };
		DF56927D1CB8E5E5000548F1 /* WBToastView-Bridging-Header.h */ = {isa = PBXFileReference; lastKnownFileType = sourcecode.c.h; path = "WBToastView-Bridging-Header.h"; sourceTree = "<group>"; };
/* End PBXFileReference section */

/* Begin PBXFrameworksBuildPhase section */
		DF5692531CB8D4D1000548F1 /* Frameworks */ = {
			isa = PBXFrameworksBuildPhase;
			buildActionMask = 2147483647;
			files = (
			);
			runOnlyForDeploymentPostprocessing = 0;
		};
/* End PBXFrameworksBuildPhase section */

/* Begin PBXGroup section */
		DF56924D1CB8D4D1000548F1 = {
			isa = PBXGroup;
			children = (
				DF5692581CB8D4D2000548F1 /* WBToastView */,
				DF5692571CB8D4D1000548F1 /* Products */,
			);
			sourceTree = "<group>";
		};
		DF5692571CB8D4D1000548F1 /* Products */ = {
			isa = PBXGroup;
			children = (
				DF5692561CB8D4D1000548F1 /* WBToastView.app */,
			);
			name = Products;
			sourceTree = "<group>";
		};
		DF5692581CB8D4D2000548F1 /* WBToastView */ = {
			isa = PBXGroup;
			children = (
				DF5692591CB8D4D2000548F1 /* AppDelegate.swift */,
				DF56925B1CB8D4D2000548F1 /* ViewController.swift */,
				DF56926B1CB8D569000548F1 /* WBToastView.swift */,
				DF56927A1CB8E5A8000548F1 /* NSString+WBExtension.h */,
				DF56927B1CB8E5A8000548F1 /* NSString+WBExtension.m */,
				DF56925D1CB8D4D2000548F1 /* Main.storyboard */,
				DF5692601CB8D4D2000548F1 /* Assets.xcassets */,
				DF56927D1CB8E5E5000548F1 /* WBToastView-Bridging-Header.h */,
				DF5692621CB8D4D2000548F1 /* LaunchScreen.storyboard */,
				DF5692651CB8D4D2000548F1 /* Info.plist */,
			);
			path = WBToastView;
			sourceTree = "<group>";
		};
/* End PBXGroup section */

/* Begin PBXNativeTarget section */
		DF5692551CB8D4D1000548F1 /* WBToastView */ = {
			isa = PBXNativeTarget;
			buildConfigurationList = DF5692681CB8D4D2000548F1 /* Build configuration list for PBXNativeTarget "WBToastView" */;
			buildPhases = (
				DF5692521CB8D4D1000548F1 /* Sources */,
				DF5692531CB8D4D1000548F1 /* Frameworks */,
				DF5692541CB8D4D1000548F1 /* Resources */,
			);
			buildRules = (
			);
			dependencies = (
			);
			name = WBToastView;
			productName = WBToastView;
			productReference = DF5692561CB8D4D1000548F1 /* WBToastView.app */;
			productType = "com.apple.product-type.application";
		};
/* End PBXNativeTarget section */

/* Begin PBXProject section */
		DF56924E1CB8D4D1000548F1 /* Project object */ = {
			isa = PBXProject;
			attributes = {
				CLASSPREFIX = WB;
				LastSwiftUpdateCheck = 0730;
				LastUpgradeCheck = 0730;
				ORGANIZATIONNAME = zwb;
				TargetAttributes = {
					DF5692551CB8D4D1000548F1 = {
						CreatedOnToolsVersion = 7.3;
					};
				};
			};
			buildConfigurationList = DF5692511CB8D4D1000548F1 /* Build configuration list for PBXProject "WBToastView" */;
			compatibilityVersion = "Xcode 3.2";
			developmentRegion = English;
			hasScannedForEncodings = 0;
			knownRegions = (
				en,
				Base,
			);
			mainGroup = DF56924D1CB8D4D1000548F1;
			productRefGroup = DF5692571CB8D4D1000548F1 /* Products */;
			projectDirPath = "";
			projectRoot = "";
			targets = (
				DF5692551CB8D4D1000548F1 /* WBToastView */,
			);
		};
/* End PBXProject section */

/* Begin PBXResourcesBuildPhase section */
		DF5692541CB8D4D1000548F1 /* Resources */ = {
			isa = PBXResourcesBuildPhase;
			buildActionMask = 2147483647;
			files = (
				DF5692641CB8D4D2000548F1 /* LaunchScreen.storyboard in Resources */,
				DF5692611CB8D4D2000548F1 /* Assets.xcassets in Resources */,
				DF56925F1CB8D4D2000548F1 /* Main.storyboard in Resources */,
			);
			runOnlyForDeploymentPostprocessing = 0;
		};
/* End PBXResourcesBuildPhase section */

/* Begin PBXSourcesBuildPhase section */
		DF5692521CB8D4D1000548F1 /* Sources */ = {
			isa = PBXSourcesBuildPhase;
			buildActionMask = 2147483647;
			files = (
				DF56925C1CB8D4D2000548F1 /* ViewController.swift in Sources */,
				DF56925A1CB8D4D2000548F1 /* AppDelegate.swift in Sources */,
				DF56927C1CB8E5A8000548F1 /* NSString+WBExtension.m in Sources */,
				DF56926C1CB8D569000548F1 /* WBToastView.swift in Sources */,
			);
			runOnlyForDeploymentPostprocessing = 0;
		};
/* End PBXSourcesBuildPhase section */

/* Begin PBXVariantGroup section */
		DF56925D1CB8D4D2000548F1 /* Main.storyboard */ = {
			isa = PBXVariantGroup;
			children = (
				DF56925E1CB8D4D2000548F1 /* Base */,
			);
			name = Main.storyboard;
			sourceTree = "<group>";
		};
		DF5692621CB8D4D2000548F1 /* LaunchScreen.storyboard */ = {
			isa = PBXVariantGroup;
			children = (
				DF5692631CB8D4D2000548F1 /* Base */,
			);
			name = LaunchScreen.storyboard;
			sourceTree = "<group>";
		};
/* End PBXVariantGroup section */

/* Begin XCBuildConfiguration section */
		DF5692661CB8D4D2000548F1 /* Debug */ = {
			isa = XCBuildConfiguration;
			buildSettings = {
				ALWAYS_SEARCH_USER_PATHS = NO;
				CLANG_ANALYZER_NONNULL = YES;
				CLANG_CXX_LANGUAGE_STANDARD = "gnu++0x";
				CLANG_CXX_LIBRARY = "libc++";
				CLANG_ENABLE_MODULES = YES;
				CLANG_ENABLE_OBJC_ARC = YES;
				CLANG_WARN_BOOL_CONVERSION = YES;
				CLANG_WARN_CONSTANT_CONVERSION = YES;
				CLANG_WARN_DIRECT_OBJC_ISA_USAGE = YES_ERROR;
				CLANG_WARN_EMPTY_BODY = YES;
				CLANG_WARN_ENUM_CONVERSION = YES;
				CLANG_WARN_INT_CONVERSION = YES;
				CLANG_WARN_OBJC_ROOT_CLASS = YES_ERROR;
				CLANG_WARN_UNREACHABLE_CODE = YES;
				CLANG_WARN__DUPLICATE_METHOD_MATCH = YES;
				"CODE_SIGN_IDENTITY[sdk=iphoneos*]" = "iPhone Developer";
				COPY_PHASE_STRIP = NO;
				DEBUG_INFORMATION_FORMAT = dwarf;
				ENABLE_STRICT_OBJC_MSGSEND = YES;
				ENABLE_TESTABILITY = YES;
				GCC_C_LANGUAGE_STANDARD = gnu99;
				GCC_DYNAMIC_NO_PIC = NO;
				GCC_NO_COMMON_BLOCKS = YES;
				GCC_OPTIMIZATION_LEVEL = 0;
				GCC_PREPROCESSOR_DEFINITIONS = (
					"DEBUG=1",
					"$(inherited)",
				);
				GCC_WARN_64_TO_32_BIT_CONVERSION = YES;
				GCC_WARN_ABOUT_RETURN_TYPE = YES_ERROR;
				GCC_WARN_UNDECLARED_SELECTOR = YES;
				GCC_WARN_UNINITIALIZED_AUTOS = YES_AGGRESSIVE;
				GCC_WARN_UNUSED_FUNCTION = YES;
				GCC_WARN_UNUSED_VARIABLE = YES;
				IPHONEOS_DEPLOYMENT_TARGET = 9.3;
				MTL_ENABLE_DEBUG_INFO = YES;
				ONLY_ACTIVE_ARCH = YES;
				SDKROOT = iphoneos;
				SWIFT_OPTIMIZATION_LEVEL = "-Onone";
			};
			name = Debug;
		};
		DF5692671CB8D4D2000548F1 /* Release */ = {
			isa = XCBuildConfiguration;
			buildSettings = {
				ALWAYS_SEARCH_USER_PATHS = NO;
				CLANG_ANALYZER_NONNULL = YES;
				CLANG_CXX_LANGUAGE_STANDARD = "gnu++0x";
				CLANG_CXX_LIBRARY = "libc++";
				CLANG_ENABLE_MODULES = YES;
				CLANG_ENABLE_OBJC_ARC = YES;
				CLANG_WARN_BOOL_CONVERSION = YES;
				CLANG_WARN_CONSTANT_CONVERSION = YES;
				CLANG_WARN_DIRECT_OBJC_ISA_USAGE = YES_ERROR;
				CLANG_WARN_EMPTY_BODY = YES;
				CLANG_WARN_ENUM_CONVERSION = YES;
				CLANG_WARN_INT_CONVERSION = YES;
				CLANG_WARN_OBJC_ROOT_CLASS = YES_ERROR;
				CLANG_WARN_UNREACHABLE_CODE = YES;
				CLANG_WARN__DUPLICATE_METHOD_MATCH = YES;
				"CODE_SIGN_IDENTITY[sdk=iphoneos*]" = "iPhone Developer";
				COPY_PHASE_STRIP = NO;
				DEBUG_INFORMATION_FORMAT = "dwarf-with-dsym";
				ENABLE_NS_ASSERTIONS = NO;
				ENABLE_STRICT_OBJC_MSGSEND = YES;
				GCC_C_LANGUAGE_STANDARD = gnu99;
				GCC_NO_COMMON_BLOCKS = YES;
				GCC_WARN_64_TO_32_BIT_CONVERSION = YES;
				GCC_WARN_ABOUT_RETURN_TYPE = YES_ERROR;
				GCC_WARN_UNDECLARED_SELECTOR = YES;
				GCC_WARN_UNINITIALIZED_AUTOS = YES_AGGRESSIVE;
				GCC_WARN_UNUSED_FUNCTION = YES;
				GCC_WARN_UNUSED_VARIABLE = YES;
				IPHONEOS_DEPLOYMENT_TARGET = 9.3;
				MTL_ENABLE_DEBUG_INFO = NO;
				SDKROOT = iphoneos;
				VALIDATE_PRODUCT = YES;
			};
			name = Release;
		};
		DF5692691CB8D4D2000548F1 /* Debug */ = {
			isa = XCBuildConfiguration;
			buildSettings = {
				ASSETCATALOG_COMPILER_APPICON_NAME = AppIcon;
				CLANG_ENABLE_MODULES = YES;
				INFOPLIST_FILE = WBToastView/Info.plist;
				LD_RUNPATH_SEARCH_PATHS = "$(inherited) @executable_path/Frameworks";
				PRODUCT_BUNDLE_IDENTIFIER = com.WBToastView;
				PRODUCT_NAME = "$(TARGET_NAME)";
				SWIFT_OBJC_BRIDGING_HEADER = "WBToastView/WBToastView-Bridging-Header.h";
				SWIFT_OPTIMIZATION_LEVEL = "-Onone";
			};
			name = Debug;
		};
		DF56926A1CB8D4D2000548F1 /* Release */ = {
			isa = XCBuildConfiguration;
			buildSettings = {
				ASSETCATALOG_COMPILER_APPICON_NAME = AppIcon;
				CLANG_ENABLE_MODULES = YES;
				INFOPLIST_FILE = WBToastView/Info.plist;
				LD_RUNPATH_SEARCH_PATHS = "$(inherited) @executable_path/Frameworks";
				PRODUCT_BUNDLE_IDENTIFIER = com.WBToastView;
				PRODUCT_NAME = "$(TARGET_NAME)";
				SWIFT_OBJC_BRIDGING_HEADER = "WBToastView/WBToastView-Bridging-Header.h";
			};
			name = Release;
		};
/* End XCBuildConfiguration section */

/* Begin XCConfigurationList section */
		DF5692511CB8D4D1000548F1 /* Build configuration list for PBXProject "WBToastView" */ = {
			isa = XCConfigurationList;
			buildConfigurations = (
				DF5692661CB8D4D2000548F1 /* Debug */,
				DF5692671CB8D4D2000548F1 /* Release */,
			);
			defaultConfigurationIsVisible = 0;
			defaultConfigurationName = Release;
		};
		DF5692681CB8D4D2000548F1 /* Build configuration list for PBXNativeTarget "WBToastView" */ = {
			isa = XCConfigurationList;
			buildConfigurations = (
				DF5692691CB8D4D2000548F1 /* Debug */,
				DF56926A1CB8D4D2000548F1 /* Release */,
			);
			defaultConfigurationIsVisible = 0;
		};
/* End XCConfigurationList section */
	};
	rootObject = DF56924E1CB8D4D1000548F1 /* Project object */;
}
